
Microsoft Visual Studio Solution File, Format Version 12.00
# Visual Studio 15
VisualStudioVersion = 15.0.27428.2002
MinimumVisualStudioVersion = 10.0.40219.1
Project("{9A19103F-16F7-4668-BE54-9A1E7A4F7556}") = "ClassLibrary1", "ClassLibrary1\ClassLibrary1.csproj", "{BF1F2945-4410-4A24-928D-2185DE739FB0}"
EndProject
Project("{FAE04EC0-301F-11D3-BF4B-00C04F79EFBC}") = "Futoauto", "Futoauto\Futoauto.csproj", "{68ED04AF-A3F1-4281-8A03-35C193A8EFFB}"
EndProject
Global
	GlobalSection(SolutionConfigurationPlatforms) = preSolution
		Debug|Any CPU = Debug|Any CPU
		Release|Any CPU = Release|Any CPU
	EndGlobalSection
	GlobalSection(ProjectConfigurationPlatforms) = postSolution
		{BF1F2945-4410-4A24-928D-2185DE739FB0}.Debug|Any CPU.ActiveCfg = Debug|Any CPU
		{BF1F2945-4410-4A24-928D-2185DE739FB0}.Debug|Any CPU.Build.0 = Debug|Any CPU
		{BF1F2945-4410-4A24-928D-2185DE739FB0}.Release|Any CPU.ActiveCfg = Release|Any CPU
		{BF1F2945-4410-4A24-928D-2185DE739FB0}.Release|Any CPU.Build.0 = Release|Any CPU
		{68ED04AF-A3F1-4281-8A03-35C193A8EFFB}.Debug|Any CPU.ActiveCfg = Debug|Any CPU
		{68ED04AF-A3F1-4281-8A03-35C193A8EFFB}.Debug|Any CPU.Build.0 = Debug|Any CPU
		{68ED04AF-A3F1-4281-8A03-35C193A8EFFB}.Release|Any CPU.ActiveCfg = Release|Any CPU
		{68ED04AF-A3F1-4281-8A03-35C193A8EFFB}.Release|Any CPU.Build.0 = Release|Any CPU
	EndGlobalSection
	GlobalSection(SolutionProperties) = preSolution
		HideSolutionNode = FALSE
	EndGlobalSection
	GlobalSection(ExtensibilityGlobals) = postSolution
		SolutionGuid = {0F1BD845-73D9-4258-A3A7-6DEEC37236EF}
	EndGlobalSection
EndGlobal
